
Microsoft Visual Studio Solution File, Format Version 12.00
# Visual Studio Version 16
VisualStudioVersion = 16.0.28803.352
MinimumVisualStudioVersion = 10.0.40219.1
Project("{FAE04EC0-301F-11D3-BF4B-00C04F79EFBC}") = "TestPjt", "TestPjt\TestPjt.csproj", "{63000ACC-99A1-430B-9AEA-302A2D838CA8}"
EndProject
Global
	GlobalSection(SolutionConfigurationPlatforms) = preSolution
		Debug|Any CPU = Debug|Any CPU
		Release|Any CPU = Release|Any CPU
	EndGlobalSection
	GlobalSection(ProjectConfigurationPlatforms) = postSolution
		{63000ACC-99A1-430B-9AEA-302A2D838CA8}.Debug|Any CPU.ActiveCfg = Debug|Any CPU
		{63000ACC-99A1-430B-9AEA-302A2D838CA8}.Debug|Any CPU.Build.0 = Debug|Any CPU
		{63000ACC-99A1-430B-9AEA-302A2D838CA8}.Release|Any CPU.ActiveCfg = Release|Any CPU
		{63000ACC-99A1-430B-9AEA-302A2D838CA8}.Release|Any CPU.Build.0 = Release|Any CPU
	EndGlobalSection
	GlobalSection(SolutionProperties) = preSolution
		HideSolutionNode = FALSE
	EndGlobalSection
	GlobalSection(ExtensibilityGlobals) = postSolution
		SolutionGuid = {49EDA938-4F4B-4948-A7A6-235BD8DF9576}
	EndGlobalSection
EndGlobal
